
Microsoft Visual Studio Solution File, Format Version 12.00
# Visual Studio Version 17
VisualStudioVersion = 17.8.34330.188
MinimumVisualStudioVersion = 10.0.40219.1
Project("{FAE04EC0-301F-11D3-BF4B-00C04F79EFBC}") = "Pl", "Pl\Pl.csproj", "{DC2B2A49-000E-444A-838F-DE7A3CC0BD2B}"
EndProject
Project("{FAE04EC0-301F-11D3-BF4B-00C04F79EFBC}") = "MovieDirectory", "MovieDirectory\MovieDirectory.csproj", "{6BE4D58C-DD6B-42A6-9A8B-B23A23BF8DCC}"
EndProject
Global
	GlobalSection(SolutionConfigurationPlatforms) = preSolution
		Debug|Any CPU = Debug|Any CPU
		Release|Any CPU = Release|Any CPU
	EndGlobalSection
	GlobalSection(ProjectConfigurationPlatforms) = postSolution
		{DC2B2A49-000E-444A-838F-DE7A3CC0BD2B}.Debug|Any CPU.ActiveCfg = Debug|Any CPU
		{DC2B2A49-000E-444A-838F-DE7A3CC0BD2B}.Debug|Any CPU.Build.0 = Debug|Any CPU
		{DC2B2A49-000E-444A-838F-DE7A3CC0BD2B}.Release|Any CPU.ActiveCfg = Release|Any CPU
		{DC2B2A49-000E-444A-838F-DE7A3CC0BD2B}.Release|Any CPU.Build.0 = Release|Any CPU
		{6BE4D58C-DD6B-42A6-9A8B-B23A23BF8DCC}.Debug|Any CPU.ActiveCfg = Debug|Any CPU
		{6BE4D58C-DD6B-42A6-9A8B-B23A23BF8DCC}.Debug|Any CPU.Build.0 = Debug|Any CPU
		{6BE4D58C-DD6B-42A6-9A8B-B23A23BF8DCC}.Release|Any CPU.ActiveCfg = Release|Any CPU
		{6BE4D58C-DD6B-42A6-9A8B-B23A23BF8DCC}.Release|Any CPU.Build.0 = Release|Any CPU
	EndGlobalSection
	GlobalSection(SolutionProperties) = preSolution
		HideSolutionNode = FALSE
	EndGlobalSection
	GlobalSection(ExtensibilityGlobals) = postSolution
		SolutionGuid = {598A82BD-F03E-4C14-BE1F-5FA5C487329D}
	EndGlobalSection
EndGlobal
